PODS:
  - crisp (0.0.1):
    - Flutter
  - Flutter (1.0.0)
  - webview_flutter (0.0.1):
    - Flutter

DEPENDENCIES:
  - crisp (from `.symlinks/plugins/crisp/ios`)
  - Flutter (from `Flutter`)
  - webview_flutter (from `.symlinks/plugins/webview_flutter/ios`)

EXTERNAL SOURCES:
  crisp:
    :path: ".symlinks/plugins/crisp/ios"
  Flutter:
    :path: Flutter
  webview_flutter:
    :path: ".symlinks/plugins/webview_flutter/ios"

SPEC CHECKSUMS:
  crisp: 31665a818a3b0231a343d5a0d617a41d63b09646
  Flutter: 0e3d915762c693b495b44d77113d4970485de6ec
  webview_flutter: d2b4d6c66968ad042ad94cbb791f5b72b4678a96

PODFILE CHECKSUM: 1b66dae606f75376c5f2135a8290850eeb09ae83

COCOAPODS: 1.8.3
